
Microsoft Visual Studio Solution File, Format Version 12.00
# Visual Studio Version 17
VisualStudioVersion = 17.11.35222.181
MinimumVisualStudioVersion = 10.0.40219.1
Project("{9A19103F-16F7-4668-BE54-9A1E7A4F7556}") = "ThriftShopApp", "ThriftShopApp\ThriftShopApp.csproj", "{355983B4-49D4-4348-9F8B-77B70305F70C}"
EndProject
Project("{9A19103F-16F7-4668-BE54-9A1E7A4F7556}") = "ThriftShopAPI", "ThriftShopAPI\ThriftShopAPI.csproj", "{C6C04260-E56C-4ED2-8F09-C86D2AA068A4}"
EndProject
Project("{9A19103F-16F7-4668-BE54-9A1E7A4F7556}") = "ThriftShopCore", "ThriftShopCore\ThriftShopCore.csproj", "{08095A55-E26C-402E-9049-6DC1370043E0}"
EndProject
Global
	GlobalSection(SolutionConfigurationPlatforms) = preSolution
		Debug|Any CPU = Debug|Any CPU
		Release|Any CPU = Release|Any CPU
	EndGlobalSection
	GlobalSection(ProjectConfigurationPlatforms) = postSolution
		{355983B4-49D4-4348-9F8B-77B70305F70C}.Debug|Any CPU.ActiveCfg = Debug|Any CPU
		{355983B4-49D4-4348-9F8B-77B70305F70C}.Debug|Any CPU.Build.0 = Debug|Any CPU
		{355983B4-49D4-4348-9F8B-77B70305F70C}.Release|Any CPU.ActiveCfg = Release|Any CPU
		{355983B4-49D4-4348-9F8B-77B70305F70C}.Release|Any CPU.Build.0 = Release|Any CPU
		{C6C04260-E56C-4ED2-8F09-C86D2AA068A4}.Debug|Any CPU.ActiveCfg = Debug|Any CPU
		{C6C04260-E56C-4ED2-8F09-C86D2AA068A4}.Debug|Any CPU.Build.0 = Debug|Any CPU
		{C6C04260-E56C-4ED2-8F09-C86D2AA068A4}.Release|Any CPU.ActiveCfg = Release|Any CPU
		{C6C04260-E56C-4ED2-8F09-C86D2AA068A4}.Release|Any CPU.Build.0 = Release|Any CPU
		{08095A55-E26C-402E-9049-6DC1370043E0}.Debug|Any CPU.ActiveCfg = Debug|Any CPU
		{08095A55-E26C-402E-9049-6DC1370043E0}.Debug|Any CPU.Build.0 = Debug|Any CPU
		{08095A55-E26C-402E-9049-6DC1370043E0}.Release|Any CPU.ActiveCfg = Release|Any CPU
		{08095A55-E26C-402E-9049-6DC1370043E0}.Release|Any CPU.Build.0 = Release|Any CPU
	EndGlobalSection
	GlobalSection(SolutionProperties) = preSolution
		HideSolutionNode = FALSE
	EndGlobalSection
	GlobalSection(ExtensibilityGlobals) = postSolution
		SolutionGuid = {9CCDB0FC-E0BA-49F1-BE8B-A12728611519}
	EndGlobalSection
EndGlobal
